
Microsoft Visual Studio Solution File, Format Version 12.00
# Visual Studio Version 17
VisualStudioVersion = 17.8.34525.116
MinimumVisualStudioVersion = 10.0.40219.1
Project("{9A19103F-16F7-4668-BE54-9A1E7A4F7556}") = "MoviesMaestro", "MoviesMaestro\MoviesMaestro.csproj", "{03C51A2F-D935-423E-801F-A409F855EB79}"
EndProject
Project("{9A19103F-16F7-4668-BE54-9A1E7A4F7556}") = "MoviesMaestro.Desktop", "MoviesMaestro.Desktop\MoviesMaestro.Desktop.csproj", "{B9DE5B00-C840-44BA-8E0B-B4DFCBF3031D}"
EndProject
Project("{FAE04EC0-301F-11D3-BF4B-00C04F79EFBC}") = "MoviesMaestro.Core", "MovieMaestro.Core\MoviesMaestro.Core.csproj", "{27A13BA6-76D6-4A4F-9D81-702A1437E8B5}"
EndProject
Global
	GlobalSection(SolutionConfigurationPlatforms) = preSolution
		Debug|Any CPU = Debug|Any CPU
		Release|Any CPU = Release|Any CPU
	EndGlobalSection
	GlobalSection(ProjectConfigurationPlatforms) = postSolution
		{03C51A2F-D935-423E-801F-A409F855EB79}.Debug|Any CPU.ActiveCfg = Debug|Any CPU
		{03C51A2F-D935-423E-801F-A409F855EB79}.Debug|Any CPU.Build.0 = Debug|Any CPU
		{03C51A2F-D935-423E-801F-A409F855EB79}.Release|Any CPU.ActiveCfg = Release|Any CPU
		{03C51A2F-D935-423E-801F-A409F855EB79}.Release|Any CPU.Build.0 = Release|Any CPU
		{B9DE5B00-C840-44BA-8E0B-B4DFCBF3031D}.Debug|Any CPU.ActiveCfg = Debug|Any CPU
		{B9DE5B00-C840-44BA-8E0B-B4DFCBF3031D}.Debug|Any CPU.Build.0 = Debug|Any CPU
		{B9DE5B00-C840-44BA-8E0B-B4DFCBF3031D}.Release|Any CPU.ActiveCfg = Release|Any CPU
		{B9DE5B00-C840-44BA-8E0B-B4DFCBF3031D}.Release|Any CPU.Build.0 = Release|Any CPU
		{27A13BA6-76D6-4A4F-9D81-702A1437E8B5}.Debug|Any CPU.ActiveCfg = Debug|Any CPU
		{27A13BA6-76D6-4A4F-9D81-702A1437E8B5}.Debug|Any CPU.Build.0 = Debug|Any CPU
		{27A13BA6-76D6-4A4F-9D81-702A1437E8B5}.Release|Any CPU.ActiveCfg = Release|Any CPU
		{27A13BA6-76D6-4A4F-9D81-702A1437E8B5}.Release|Any CPU.Build.0 = Release|Any CPU
	EndGlobalSection
	GlobalSection(SolutionProperties) = preSolution
		HideSolutionNode = FALSE
	EndGlobalSection
	GlobalSection(ExtensibilityGlobals) = postSolution
		SolutionGuid = {92486E63-40A2-436F-9E14-6F99A8FD8F70}
	EndGlobalSection
EndGlobal
